
Microsoft Visual Studio Solution File, Format Version 12.00
# Visual Studio Version 16
VisualStudioVersion = 16.0.29519.87
MinimumVisualStudioVersion = 10.0.40219.1
Project("{9A19103F-16F7-4668-BE54-9A1E7A4F7556}") = "Known", "Known\Known.csproj", "{A9601DD8-BFB3-4591-AA8E-2F520FA0F47E}"
EndProject
Project("{FAE04EC0-301F-11D3-BF4B-00C04F79EFBC}") = "Known.Web", "Known.Web\Known.Web.csproj", "{429D6E41-51B5-445D-A5B5-9E50A2B142CA}"
EndProject
Global
	GlobalSection(SolutionConfigurationPlatforms) = preSolution
		Debug|Any CPU = Debug|Any CPU
		Release|Any CPU = Release|Any CPU
	EndGlobalSection
	GlobalSection(ProjectConfigurationPlatforms) = postSolution
		{A9601DD8-BFB3-4591-AA8E-2F520FA0F47E}.Debug|Any CPU.ActiveCfg = Debug|Any CPU
		{A9601DD8-BFB3-4591-AA8E-2F520FA0F47E}.Debug|Any CPU.Build.0 = Debug|Any CPU
		{A9601DD8-BFB3-4591-AA8E-2F520FA0F47E}.Release|Any CPU.ActiveCfg = Release|Any CPU
		{A9601DD8-BFB3-4591-AA8E-2F520FA0F47E}.Release|Any CPU.Build.0 = Release|Any CPU
		{429D6E41-51B5-445D-A5B5-9E50A2B142CA}.Debug|Any CPU.ActiveCfg = Debug|Any CPU
		{429D6E41-51B5-445D-A5B5-9E50A2B142CA}.Debug|Any CPU.Build.0 = Debug|Any CPU
		{429D6E41-51B5-445D-A5B5-9E50A2B142CA}.Release|Any CPU.ActiveCfg = Release|Any CPU
		{429D6E41-51B5-445D-A5B5-9E50A2B142CA}.Release|Any CPU.Build.0 = Release|Any CPU
	EndGlobalSection
	GlobalSection(SolutionProperties) = preSolution
		HideSolutionNode = FALSE
	EndGlobalSection
	GlobalSection(ExtensibilityGlobals) = postSolution
		SolutionGuid = {2A2FD262-537A-4C4A-871C-E9B7F7C75585}
	EndGlobalSection
EndGlobal
